
Microsoft Visual Studio Solution File, Format Version 12.00
# Visual Studio 2013
VisualStudioVersion = 12.0.31101.0
MinimumVisualStudioVersion = 10.0.40219.1
Project("{888888A0-9F3D-457C-B088-3A5042F75D52}") = "Python2App", "Python2App\Python2App.pyproj", "{B02E156B-2EAC-4BA0-A6EE-5B4853980BA0}"
EndProject
Project("{888888A0-9F3D-457C-B088-3A5042F75D52}") = "Python3App", "Python3App\Python3App.pyproj", "{376FD11F-110B-49D8-9BB9-F91E52413943}"
EndProject
Project("{888888A0-9F3D-457C-B088-3A5042F75D52}") = "AutoMaker", "AutoMaker\AutoMaker.pyproj", "{6E44B147-D249-434B-A7D7-DFF82E16BA52}"
EndProject
Project("{888888A0-9F3D-457C-B088-3A5042F75D52}") = "DjangoApp", "DjangoApp\DjangoApp.pyproj", "{835A14F5-FA1F-4243-B7A8-71959633EADE}"
EndProject
Global
	GlobalSection(SolutionConfigurationPlatforms) = preSolution
		Debug|Any CPU = Debug|Any CPU
		Release|Any CPU = Release|Any CPU
	EndGlobalSection
	GlobalSection(ProjectConfigurationPlatforms) = postSolution
		{B02E156B-2EAC-4BA0-A6EE-5B4853980BA0}.Debug|Any CPU.ActiveCfg = Debug|Any CPU
		{B02E156B-2EAC-4BA0-A6EE-5B4853980BA0}.Release|Any CPU.ActiveCfg = Release|Any CPU
		{376FD11F-110B-49D8-9BB9-F91E52413943}.Debug|Any CPU.ActiveCfg = Debug|Any CPU
		{376FD11F-110B-49D8-9BB9-F91E52413943}.Release|Any CPU.ActiveCfg = Release|Any CPU
		{6E44B147-D249-434B-A7D7-DFF82E16BA52}.Debug|Any CPU.ActiveCfg = Debug|Any CPU
		{6E44B147-D249-434B-A7D7-DFF82E16BA52}.Release|Any CPU.ActiveCfg = Release|Any CPU
		{835A14F5-FA1F-4243-B7A8-71959633EADE}.Debug|Any CPU.ActiveCfg = Debug|Any CPU
		{835A14F5-FA1F-4243-B7A8-71959633EADE}.Debug|Any CPU.Build.0 = Debug|Any CPU
		{835A14F5-FA1F-4243-B7A8-71959633EADE}.Release|Any CPU.ActiveCfg = Release|Any CPU
		{835A14F5-FA1F-4243-B7A8-71959633EADE}.Release|Any CPU.Build.0 = Release|Any CPU
	EndGlobalSection
	GlobalSection(SolutionProperties) = preSolution
		HideSolutionNode = FALSE
	EndGlobalSection
EndGlobal
