
Microsoft Visual Studio Solution File, Format Version 12.00
# Visual Studio 15
VisualStudioVersion = 15.0.27004.2009
MinimumVisualStudioVersion = 10.0.40219.1
Project("{888888A0-9F3D-457C-B088-3A5042F75D52}") = "ConsoleApp", "ConsoleApp\ConsoleApp.pyproj", "{A83EEB27-0399-4D30-9453-36F5503ED2AB}"
EndProject
Global
	GlobalSection(SolutionConfigurationPlatforms) = preSolution
		Debug|Any CPU = Debug|Any CPU
		Release|Any CPU = Release|Any CPU
	EndGlobalSection
	GlobalSection(ProjectConfigurationPlatforms) = postSolution
		{A83EEB27-0399-4D30-9453-36F5503ED2AB}.Debug|Any CPU.ActiveCfg = Debug|Any CPU
		{A83EEB27-0399-4D30-9453-36F5503ED2AB}.Release|Any CPU.ActiveCfg = Release|Any CPU
	EndGlobalSection
	GlobalSection(SolutionProperties) = preSolution
		HideSolutionNode = FALSE
	EndGlobalSection
	GlobalSection(ExtensibilityGlobals) = postSolution
		SolutionGuid = {60034D98-1E02-4179-A051-26664B180A70}
	EndGlobalSection
EndGlobal
